
Microsoft Visual Studio Solution File, Format Version 12.00
# Visual Studio Version 17
VisualStudioVersion = 17.11.35327.3
MinimumVisualStudioVersion = 10.0.40219.1
Project("{9A19103F-16F7-4668-BE54-9A1E7A4F7556}") = "WebAPI", "Amazon-Back-End\WebAPI.csproj", "{F6DAAA6D-988A-4D49-808B-ED314693535A}"
	ProjectSection(ProjectDependencies) = postProject
		{12357D34-2A02-1ECD-BC6C-D84ADDC1A72E} = {12357D34-2A02-1ECD-BC6C-D84ADDC1A72E}
		{5875EBB1-01BE-2D17-3613-D0BAD09CBB40} = {5875EBB1-01BE-2D17-3613-D0BAD09CBB40}
	EndProjectSection
EndProject
Project("{FAE04EC0-301F-11D3-BF4B-00C04F79EFBC}") = "DAL", "DAL\DAL.csproj", "{12357D34-2A02-1ECD-BC6C-D84ADDC1A72E}"
	ProjectSection(ProjectDependencies) = postProject
		{5875EBB1-01BE-2D17-3613-D0BAD09CBB40} = {5875EBB1-01BE-2D17-3613-D0BAD09CBB40}
	EndProjectSection
EndProject
Project("{FAE04EC0-301F-11D3-BF4B-00C04F79EFBC}") = "BLL", "BLL\BLL.csproj", "{5875EBB1-01BE-2D17-3613-D0BAD09CBB40}"
EndProject
Global
	GlobalSection(SolutionConfigurationPlatforms) = preSolution
		Debug|Any CPU = Debug|Any CPU
		Release|Any CPU = Release|Any CPU
	EndGlobalSection
	GlobalSection(ProjectConfigurationPlatforms) = postSolution
		{F6DAAA6D-988A-4D49-808B-ED314693535A}.Debug|Any CPU.ActiveCfg = Debug|Any CPU
		{F6DAAA6D-988A-4D49-808B-ED314693535A}.Debug|Any CPU.Build.0 = Debug|Any CPU
		{F6DAAA6D-988A-4D49-808B-ED314693535A}.Release|Any CPU.ActiveCfg = Release|Any CPU
		{F6DAAA6D-988A-4D49-808B-ED314693535A}.Release|Any CPU.Build.0 = Release|Any CPU
		{12357D34-2A02-1ECD-BC6C-D84ADDC1A72E}.Debug|Any CPU.ActiveCfg = Debug|Any CPU
		{12357D34-2A02-1ECD-BC6C-D84ADDC1A72E}.Debug|Any CPU.Build.0 = Debug|Any CPU
		{12357D34-2A02-1ECD-BC6C-D84ADDC1A72E}.Release|Any CPU.ActiveCfg = Release|Any CPU
		{12357D34-2A02-1ECD-BC6C-D84ADDC1A72E}.Release|Any CPU.Build.0 = Release|Any CPU
		{5875EBB1-01BE-2D17-3613-D0BAD09CBB40}.Debug|Any CPU.ActiveCfg = Debug|Any CPU
		{5875EBB1-01BE-2D17-3613-D0BAD09CBB40}.Debug|Any CPU.Build.0 = Debug|Any CPU
		{5875EBB1-01BE-2D17-3613-D0BAD09CBB40}.Release|Any CPU.ActiveCfg = Release|Any CPU
		{5875EBB1-01BE-2D17-3613-D0BAD09CBB40}.Release|Any CPU.Build.0 = Release|Any CPU
	EndGlobalSection
	GlobalSection(SolutionProperties) = preSolution
		HideSolutionNode = FALSE
	EndGlobalSection
	GlobalSection(ExtensibilityGlobals) = postSolution
		SolutionGuid = {77C5D579-D7AD-4219-A027-59D703283E3A}
	EndGlobalSection
EndGlobal
